// !$*UTF8*$!
{
	archiveVersion = 1;
	classes = {
	};
	objectVersion = 50;
	objects = {

/* Begin PBXBuildFile section */
		751BB76728A11660002D24AF /* EditProfileViewController.swift in Sources */ = {isa = PBXBuildFile; fileRef = 751BB76628A11660002D24AF /* EditProfileViewController.swift */; };
		751BB76C28A136B7002D24AF /* CommentViewController.swift in Sources */ = {isa = PBXBuildFile; fileRef = 751BB76B28A136B7002D24AF /* CommentViewController.swift */; };
		751BB77128A136C2002D24AF /* StoryViewController.swift in Sources */ = {isa = PBXBuildFile; fileRef = 751BB77028A136C2002D24AF /* StoryViewController.swift */; };
		751BB77628A136D0002D24AF /* PostDetailViewController.swift in Sources */ = {isa = PBXBuildFile; fileRef = 751BB77528A136D0002D24AF /* PostDetailViewController.swift */; };
		751BB77F28A14B01002D24AF /* Protocols.swift in Sources */ = {isa = PBXBuildFile; fileRef = 751BB77E28A14B01002D24AF /* Protocols.swift */; };
		751BB78428A154FE002D24AF /* CommentModel.swift in Sources */ = {isa = PBXBuildFile; fileRef = 751BB78328A154FE002D24AF /* CommentModel.swift */; };
		751BB78A28A1558D002D24AF /* CommentTableViewCell.swift in Sources */ = {isa = PBXBuildFile; fileRef = 751BB78828A1558D002D24AF /* CommentTableViewCell.swift */; };
		751BB78B28A1558D002D24AF /* CommentTableViewCell.xib in Resources */ = {isa = PBXBuildFile; fileRef = 751BB78928A1558D002D24AF /* CommentTableViewCell.xib */; };
		756C8867289E862000DCFB15 /* GifExtension.swift in Sources */ = {isa = PBXBuildFile; fileRef = 756C8866289E862000DCFB15 /* GifExtension.swift */; };
		756C886C289E867500DCFB15 /* SplashScreenViewController.swift in Sources */ = {isa = PBXBuildFile; fileRef = 756C886B289E867500DCFB15 /* SplashScreenViewController.swift */; };
		75801266289E3D2E003BF69B /* MainTabViewController.swift in Sources */ = {isa = PBXBuildFile; fileRef = 75801265289E3D2E003BF69B /* MainTabViewController.swift */; };
		75801272289E3F29003BF69B /* FeedTableViewCell.swift in Sources */ = {isa = PBXBuildFile; fileRef = 75801270289E3F29003BF69B /* FeedTableViewCell.swift */; };
		75801273289E3F29003BF69B /* FeedTableViewCell.xib in Resources */ = {isa = PBXBuildFile; fileRef = 75801271289E3F29003BF69B /* FeedTableViewCell.xib */; };
		75801281289E4171003BF69B /* PostModel.swift in Sources */ = {isa = PBXBuildFile; fileRef = 75801280289E4171003BF69B /* PostModel.swift */; };
		75801289289E858C003BF69B /* splachScreen.gif in Resources */ = {isa = PBXBuildFile; fileRef = 75801288289E858C003BF69B /* splachScreen.gif */; };
		759E45AC28A2624F00671B46 /* LoginAPI.swift in Sources */ = {isa = PBXBuildFile; fileRef = 759E45AB28A2624F00671B46 /* LoginAPI.swift */; };
		759E45B128A2626000671B46 /* SignUpAPI.swift in Sources */ = {isa = PBXBuildFile; fileRef = 759E45B028A2626000671B46 /* SignUpAPI.swift */; };
		759E45B628A287E600671B46 /* UserModel.swift in Sources */ = {isa = PBXBuildFile; fileRef = 759E45B528A287E600671B46 /* UserModel.swift */; };
		759E45BB28A2CF4900671B46 /* FeedAPI.swift in Sources */ = {isa = PBXBuildFile; fileRef = 759E45BA28A2CF4900671B46 /* FeedAPI.swift */; };
		759E45C028A2D29D00671B46 /* AddStoryViewController.swift in Sources */ = {isa = PBXBuildFile; fileRef = 759E45BF28A2D29D00671B46 /* AddStoryViewController.swift */; };
		75F48C39289B9167005AFE9F /* AppDelegate.swift in Sources */ = {isa = PBXBuildFile; fileRef = 75F48C38289B9167005AFE9F /* AppDelegate.swift */; };
		75F48C3B289B9167005AFE9F /* SceneDelegate.swift in Sources */ = {isa = PBXBuildFile; fileRef = 75F48C3A289B9167005AFE9F /* SceneDelegate.swift */; };
		75F48C3D289B9167005AFE9F /* ViewController.swift in Sources */ = {isa = PBXBuildFile; fileRef = 75F48C3C289B9167005AFE9F /* ViewController.swift */; };
		75F48C40289B9167005AFE9F /* Main.storyboard in Resources */ = {isa = PBXBuildFile; fileRef = 75F48C3E289B9167005AFE9F /* Main.storyboard */; };
		75F48C42289B9169005AFE9F /* Assets.xcassets in Resources */ = {isa = PBXBuildFile; fileRef = 75F48C41289B9169005AFE9F /* Assets.xcassets */; };
		75F48C45289B9169005AFE9F /* LaunchScreen.storyboard in Resources */ = {isa = PBXBuildFile; fileRef = 75F48C43289B9169005AFE9F /* LaunchScreen.storyboard */; };
		75F48C50289B9169005AFE9F /* InstagramTests.swift in Sources */ = {isa = PBXBuildFile; fileRef = 75F48C4F289B9169005AFE9F /* InstagramTests.swift */; };
		75F48C5B289B9169005AFE9F /* InstagramUITests.swift in Sources */ = {isa = PBXBuildFile; fileRef = 75F48C5A289B9169005AFE9F /* InstagramUITests.swift */; };
		75F48C6D289B93AC005AFE9F /* ImageExtension.swift in Sources */ = {isa = PBXBuildFile; fileRef = 75F48C6C289B93AC005AFE9F /* ImageExtension.swift */; };
		75F48C73289B9CF8005AFE9F /* RegistrationViewController.swift in Sources */ = {isa = PBXBuildFile; fileRef = 75F48C72289B9CF8005AFE9F /* RegistrationViewController.swift */; };
		75F48C7C289BA94B005AFE9F /* HomeViewController.swift in Sources */ = {isa = PBXBuildFile; fileRef = 75F48C7B289BA94B005AFE9F /* HomeViewController.swift */; };
		75F48C84289BA9D6005AFE9F /* SearchViewController.swift in Sources */ = {isa = PBXBuildFile; fileRef = 75F48C83289BA9D6005AFE9F /* SearchViewController.swift */; };
		75F48C89289BA9EA005AFE9F /* CameraViewController.swift in Sources */ = {isa = PBXBuildFile; fileRef = 75F48C88289BA9EA005AFE9F /* CameraViewController.swift */; };
		75F48C93289BAA05005AFE9F /* ProfileViewController.swift in Sources */ = {isa = PBXBuildFile; fileRef = 75F48C92289BAA05005AFE9F /* ProfileViewController.swift */; };
		75F48CA5289BCAF7005AFE9F /* StoryCollectionViewCell.swift in Sources */ = {isa = PBXBuildFile; fileRef = 75F48CA3289BCAF7005AFE9F /* StoryCollectionViewCell.swift */; };
		75F48CA6289BCAF7005AFE9F /* StoryCollectionViewCell.xib in Resources */ = {isa = PBXBuildFile; fileRef = 75F48CA4289BCAF7005AFE9F /* StoryCollectionViewCell.xib */; };
/* End PBXBuildFile section */

/* Begin PBXContainerItemProxy section */
		75F48C4C289B9169005AFE9F /* PBXContainerItemProxy */ = {
			isa = PBXContainerItemProxy;
			containerPortal = 75F48C2D289B9167005AFE9F /* Project object */;
			proxyType = 1;
			remoteGlobalIDString = 75F48C34289B9167005AFE9F;
			remoteInfo = Instagram;
		};
		75F48C57289B9169005AFE9F /* PBXContainerItemProxy */ = {
			isa = PBXContainerItemProxy;
			containerPortal = 75F48C2D289B9167005AFE9F /* Project object */;
			proxyType = 1;
			remoteGlobalIDString = 75F48C34289B9167005AFE9F;
			remoteInfo = Instagram;
		};
/* End PBXContainerItemProxy section */

/* Begin PBXFileReference section */
		751BB76628A11660002D24AF /* EditProfileViewController.swift */ = {isa = PBXFileReference; lastKnownFileType = sourcecode.swift; path = EditProfileViewController.swift; sourceTree = "<group>"; };
		751BB76B28A136B7002D24AF /* CommentViewController.swift */ = {isa = PBXFileReference; lastKnownFileType = sourcecode.swift; path = CommentViewController.swift; sourceTree = "<group>"; };
		751BB77028A136C2002D24AF /* StoryViewController.swift */ = {isa = PBXFileReference; lastKnownFileType = sourcecode.swift; path = StoryViewController.swift; sourceTree = "<group>"; };
		751BB77528A136D0002D24AF /* PostDetailViewController.swift */ = {isa = PBXFileReference; lastKnownFileType = sourcecode.swift; path = PostDetailViewController.swift; sourceTree = "<group>"; };
		751BB77E28A14B01002D24AF /* Protocols.swift */ = {isa = PBXFileReference; lastKnownFileType = sourcecode.swift; path = Protocols.swift; sourceTree = "<group>"; };
		751BB78328A154FE002D24AF /* CommentModel.swift */ = {isa = PBXFileReference; lastKnownFileType = sourcecode.swift; path = CommentModel.swift; sourceTree = "<group>"; };
		751BB78828A1558D002D24AF /* CommentTableViewCell.swift */ = {isa = PBXFileReference; lastKnownFileType = sourcecode.swift; path = CommentTableViewCell.swift; sourceTree = "<group>"; };
		751BB78928A1558D002D24AF /* CommentTableViewCell.xib */ = {isa = PBXFileReference; lastKnownFileType = file.xib; path = CommentTableViewCell.xib; sourceTree = "<group>"; };
		756C8866289E862000DCFB15 /* GifExtension.swift */ = {isa = PBXFileReference; lastKnownFileType = sourcecode.swift; path = GifExtension.swift; sourceTree = "<group>"; };
		756C886B289E867500DCFB15 /* SplashScreenViewController.swift */ = {isa = PBXFileReference; lastKnownFileType = sourcecode.swift; path = SplashScreenViewController.swift; sourceTree = "<group>"; };
		75801265289E3D2E003BF69B /* MainTabViewController.swift */ = {isa = PBXFileReference; lastKnownFileType = sourcecode.swift; path = MainTabViewController.swift; sourceTree = "<group>"; };
		75801270289E3F29003BF69B /* FeedTableViewCell.swift */ = {isa = PBXFileReference; lastKnownFileType = sourcecode.swift; path = FeedTableViewCell.swift; sourceTree = "<group>"; };
		75801271289E3F29003BF69B /* FeedTableViewCell.xib */ = {isa = PBXFileReference; lastKnownFileType = file.xib; path = FeedTableViewCell.xib; sourceTree = "<group>"; };
		75801280289E4171003BF69B /* PostModel.swift */ = {isa = PBXFileReference; lastKnownFileType = sourcecode.swift; path = PostModel.swift; sourceTree = "<group>"; };
		75801288289E858C003BF69B /* splachScreen.gif */ = {isa = PBXFileReference; lastKnownFileType = image.gif; path = splachScreen.gif; sourceTree = "<group>"; };
		759E45AB28A2624F00671B46 /* LoginAPI.swift */ = {isa = PBXFileReference; lastKnownFileType = sourcecode.swift; path = LoginAPI.swift; sourceTree = "<group>"; };
		759E45B028A2626000671B46 /* SignUpAPI.swift */ = {isa = PBXFileReference; lastKnownFileType = sourcecode.swift; path = SignUpAPI.swift; sourceTree = "<group>"; };
		759E45B528A287E600671B46 /* UserModel.swift */ = {isa = PBXFileReference; lastKnownFileType = sourcecode.swift; path = UserModel.swift; sourceTree = "<group>"; };
		759E45BA28A2CF4900671B46 /* FeedAPI.swift */ = {isa = PBXFileReference; lastKnownFileType = sourcecode.swift; path = FeedAPI.swift; sourceTree = "<group>"; };
		759E45BF28A2D29D00671B46 /* AddStoryViewController.swift */ = {isa = PBXFileReference; lastKnownFileType = sourcecode.swift; path = AddStoryViewController.swift; sourceTree = "<group>"; };
		75F48C35289B9167005AFE9F /* Instagram.app */ = {isa = PBXFileReference; explicitFileType = wrapper.application; includeInIndex = 0; path = Instagram.app; sourceTree = BUILT_PRODUCTS_DIR; };
		75F48C38289B9167005AFE9F /* AppDelegate.swift */ = {isa = PBXFileReference; lastKnownFileType = sourcecode.swift; path = AppDelegate.swift; sourceTree = "<group>"; };
		75F48C3A289B9167005AFE9F /* SceneDelegate.swift */ = {isa = PBXFileReference; lastKnownFileType = sourcecode.swift; path = SceneDelegate.swift; sourceTree = "<group>"; };
		75F48C3C289B9167005AFE9F /* ViewController.swift */ = {isa = PBXFileReference; lastKnownFileType = sourcecode.swift; path = ViewController.swift; sourceTree = "<group>"; };
		75F48C3F289B9167005AFE9F /* Base */ = {isa = PBXFileReference; lastKnownFileType = file.storyboard; name = Base; path = Base.lproj/Main.storyboard; sourceTree = "<group>"; };
		75F48C41289B9169005AFE9F /* Assets.xcassets */ = {isa = PBXFileReference; lastKnownFileType = folder.assetcatalog; path = Assets.xcassets; sourceTree = "<group>"; };
		75F48C44289B9169005AFE9F /* Base */ = {isa = PBXFileReference; lastKnownFileType = file.storyboard; name = Base; path = Base.lproj/LaunchScreen.storyboard; sourceTree = "<group>"; };
		75F48C46289B9169005AFE9F /* Info.plist */ = {isa = PBXFileReference; lastKnownFileType = text.plist.xml; path = Info.plist; sourceTree = "<group>"; };
		75F48C4B289B9169005AFE9F /* InstagramTests.xctest */ = {isa = PBXFileReference; explicitFileType = wrapper.cfbundle; includeInIndex = 0; path = InstagramTests.xctest; sourceTree = BUILT_PRODUCTS_DIR; };
		75F48C4F289B9169005AFE9F /* InstagramTests.swift */ = {isa = PBXFileReference; lastKnownFileType = sourcecode.swift; path = InstagramTests.swift; sourceTree = "<group>"; };
		75F48C51289B9169005AFE9F /* Info.plist */ = {isa = PBXFileReference; lastKnownFileType = text.plist.xml; path = Info.plist; sourceTree = "<group>"; };
		75F48C56289B9169005AFE9F /* InstagramUITests.xctest */ = {isa = PBXFileReference; explicitFileType = wrapper.cfbundle; includeInIndex = 0; path = InstagramUITests.xctest; sourceTree = BUILT_PRODUCTS_DIR; };
		75F48C5A289B9169005AFE9F /* InstagramUITests.swift */ = {isa = PBXFileReference; lastKnownFileType = sourcecode.swift; path = InstagramUITests.swift; sourceTree = "<group>"; };
		75F48C5C289B9169005AFE9F /* Info.plist */ = {isa = PBXFileReference; lastKnownFileType = text.plist.xml; path = Info.plist; sourceTree = "<group>"; };
		75F48C6C289B93AC005AFE9F /* ImageExtension.swift */ = {isa = PBXFileReference; lastKnownFileType = sourcecode.swift; path = ImageExtension.swift; sourceTree = "<group>"; };
		75F48C72289B9CF8005AFE9F /* RegistrationViewController.swift */ = {isa = PBXFileReference; lastKnownFileType = sourcecode.swift; path = RegistrationViewController.swift; sourceTree = "<group>"; };
		75F48C7B289BA94B005AFE9F /* HomeViewController.swift */ = {isa = PBXFileReference; lastKnownFileType = sourcecode.swift; path = HomeViewController.swift; sourceTree = "<group>"; };
		75F48C83289BA9D6005AFE9F /* SearchViewController.swift */ = {isa = PBXFileReference; lastKnownFileType = sourcecode.swift; path = SearchViewController.swift; sourceTree = "<group>"; };
		75F48C88289BA9EA005AFE9F /* CameraViewController.swift */ = {isa = PBXFileReference; lastKnownFileType = sourcecode.swift; path = CameraViewController.swift; sourceTree = "<group>"; };
		75F48C92289BAA05005AFE9F /* ProfileViewController.swift */ = {isa = PBXFileReference; lastKnownFileType = sourcecode.swift; path = ProfileViewController.swift; sourceTree = "<group>"; };
		75F48CA3289BCAF7005AFE9F /* StoryCollectionViewCell.swift */ = {isa = PBXFileReference; lastKnownFileType = sourcecode.swift; path = StoryCollectionViewCell.swift; sourceTree = "<group>"; };
		75F48CA4289BCAF7005AFE9F /* StoryCollectionViewCell.xib */ = {isa = PBXFileReference; lastKnownFileType = file.xib; path = StoryCollectionViewCell.xib; sourceTree = "<group>"; };
/* End PBXFileReference section */

/* Begin PBXFrameworksBuildPhase section */
		75F48C32289B9167005AFE9F /* Frameworks */ = {
			isa = PBXFrameworksBuildPhase;
			buildActionMask = 2147483647;
			files = (
			);
			runOnlyForDeploymentPostprocessing = 0;
		};
		75F48C48289B9169005AFE9F /* Frameworks */ = {
			isa = PBXFrameworksBuildPhase;
			buildActionMask = 2147483647;
			files = (
			);
			runOnlyForDeploymentPostprocessing = 0;
		};
		75F48C53289B9169005AFE9F /* Frameworks */ = {
			isa = PBXFrameworksBuildPhase;
			buildActionMask = 2147483647;
			files = (
			);
			runOnlyForDeploymentPostprocessing = 0;
		};
/* End PBXFrameworksBuildPhase section */

/* Begin PBXGroup section */
		751BB77D28A14AE5002D24AF /* Protocols */ = {
			isa = PBXGroup;
			children = (
				751BB77E28A14B01002D24AF /* Protocols.swift */,
			);
			path = Protocols;
			sourceTree = "<group>";
		};
		7580127F289E4153003BF69B /* Models */ = {
			isa = PBXGroup;
			children = (
				75801280289E4171003BF69B /* PostModel.swift */,
				751BB78328A154FE002D24AF /* CommentModel.swift */,
				759E45B528A287E600671B46 /* UserModel.swift */,
			);
			path = Models;
			sourceTree = "<group>";
		};
		759E45AA28A2623700671B46 /* APICallers */ = {
			isa = PBXGroup;
			children = (
				759E45AB28A2624F00671B46 /* LoginAPI.swift */,
				759E45B028A2626000671B46 /* SignUpAPI.swift */,
				759E45BA28A2CF4900671B46 /* FeedAPI.swift */,
			);
			path = APICallers;
			sourceTree = "<group>";
		};
		75F48C2C289B9167005AFE9F = {
			isa = PBXGroup;
			children = (
				75F48C37289B9167005AFE9F /* Instagram */,
				75F48C4E289B9169005AFE9F /* InstagramTests */,
				75F48C59289B9169005AFE9F /* InstagramUITests */,
				75F48C36289B9167005AFE9F /* Products */,
			);
			sourceTree = "<group>";
		};
		75F48C36289B9167005AFE9F /* Products */ = {
			isa = PBXGroup;
			children = (
				75F48C35289B9167005AFE9F /* Instagram.app */,
				75F48C4B289B9169005AFE9F /* InstagramTests.xctest */,
				75F48C56289B9169005AFE9F /* InstagramUITests.xctest */,
			);
			name = Products;
			sourceTree = "<group>";
		};
		75F48C37289B9167005AFE9F /* Instagram */ = {
			isa = PBXGroup;
			children = (
				759E45AA28A2623700671B46 /* APICallers */,
				751BB77D28A14AE5002D24AF /* Protocols */,
				7580127F289E4153003BF69B /* Models */,
				75F48C97289BC908005AFE9F /* XIBs */,
				75F48C71289B9CD0005AFE9F /* Controllers */,
				75F48C6B289B939C005AFE9F /* Extensions */,
				75F48C38289B9167005AFE9F /* AppDelegate.swift */,
				75801288289E858C003BF69B /* splachScreen.gif */,
				75F48C3A289B9167005AFE9F /* SceneDelegate.swift */,
				75F48C3E289B9167005AFE9F /* Main.storyboard */,
				75F48C41289B9169005AFE9F /* Assets.xcassets */,
				75F48C43289B9169005AFE9F /* LaunchScreen.storyboard */,
				75F48C46289B9169005AFE9F /* Info.plist */,
			);
			path = Instagram;
			sourceTree = "<group>";
		};
		75F48C4E289B9169005AFE9F /* InstagramTests */ = {
			isa = PBXGroup;
			children = (
				75F48C4F289B9169005AFE9F /* InstagramTests.swift */,
				75F48C51289B9169005AFE9F /* Info.plist */,
			);
			path = InstagramTests;
			sourceTree = "<group>";
		};
		75F48C59289B9169005AFE9F /* InstagramUITests */ = {
			isa = PBXGroup;
			children = (
				75F48C5A289B9169005AFE9F /* InstagramUITests.swift */,
				75F48C5C289B9169005AFE9F /* Info.plist */,
			);
			path = InstagramUITests;
			sourceTree = "<group>";
		};
		75F48C6B289B939C005AFE9F /* Extensions */ = {
			isa = PBXGroup;
			children = (
				75F48C6C289B93AC005AFE9F /* ImageExtension.swift */,
				756C8866289E862000DCFB15 /* GifExtension.swift */,
			);
			path = Extensions;
			sourceTree = "<group>";
		};
		75F48C71289B9CD0005AFE9F /* Controllers */ = {
			isa = PBXGroup;
			children = (
				75F48C7A289BA92F005AFE9F /* Main Controllers */,
				751BB76628A11660002D24AF /* EditProfileViewController.swift */,
				751BB76B28A136B7002D24AF /* CommentViewController.swift */,
				751BB77028A136C2002D24AF /* StoryViewController.swift */,
				751BB77528A136D0002D24AF /* PostDetailViewController.swift */,
				759E45BF28A2D29D00671B46 /* AddStoryViewController.swift */,
			);
			path = Controllers;
			sourceTree = "<group>";
		};
		75F48C7A289BA92F005AFE9F /* Main Controllers */ = {
			isa = PBXGroup;
			children = (
				75F48C72289B9CF8005AFE9F /* RegistrationViewController.swift */,
				75F48C3C289B9167005AFE9F /* ViewController.swift */,
				75F48C7B289BA94B005AFE9F /* HomeViewController.swift */,
				75F48C83289BA9D6005AFE9F /* SearchViewController.swift */,
				75F48C88289BA9EA005AFE9F /* CameraViewController.swift */,
				75F48C92289BAA05005AFE9F /* ProfileViewController.swift */,
				75801265289E3D2E003BF69B /* MainTabViewController.swift */,
				756C886B289E867500DCFB15 /* SplashScreenViewController.swift */,
			);
			path = "Main Controllers";
			sourceTree = "<group>";
		};
		75F48C97289BC908005AFE9F /* XIBs */ = {
			isa = PBXGroup;
			children = (
				75F48CA3289BCAF7005AFE9F /* StoryCollectionViewCell.swift */,
				75F48CA4289BCAF7005AFE9F /* StoryCollectionViewCell.xib */,
				75801270289E3F29003BF69B /* FeedTableViewCell.swift */,
				75801271289E3F29003BF69B /* FeedTableViewCell.xib */,
				751BB78828A1558D002D24AF /* CommentTableViewCell.swift */,
				751BB78928A1558D002D24AF /* CommentTableViewCell.xib */,
			);
			path = XIBs;
			sourceTree = "<group>";
		};
/* End PBXGroup section */

/* Begin PBXNativeTarget section */
		75F48C34289B9167005AFE9F /* Instagram */ = {
			isa = PBXNativeTarget;
			buildConfigurationList = 75F48C5F289B9169005AFE9F /* Build configuration list for PBXNativeTarget "Instagram" */;
			buildPhases = (
				75F48C31289B9167005AFE9F /* Sources */,
				75F48C32289B9167005AFE9F /* Frameworks */,
				75F48C33289B9167005AFE9F /* Resources */,
			);
			buildRules = (
			);
			dependencies = (
			);
			name = Instagram;
			productName = Instagram;
			productReference = 75F48C35289B9167005AFE9F /* Instagram.app */;
			productType = "com.apple.product-type.application";
		};
		75F48C4A289B9169005AFE9F /* InstagramTests */ = {
			isa = PBXNativeTarget;
			buildConfigurationList = 75F48C62289B9169005AFE9F /* Build configuration list for PBXNativeTarget "InstagramTests" */;
			buildPhases = (
				75F48C47289B9169005AFE9F /* Sources */,
				75F48C48289B9169005AFE9F /* Frameworks */,
				75F48C49289B9169005AFE9F /* Resources */,
			);
			buildRules = (
			);
			dependencies = (
				75F48C4D289B9169005AFE9F /* PBXTargetDependency */,
			);
			name = InstagramTests;
			productName = InstagramTests;
			productReference = 75F48C4B289B9169005AFE9F /* InstagramTests.xctest */;
			productType = "com.apple.product-type.bundle.unit-test";
		};
		75F48C55289B9169005AFE9F /* InstagramUITests */ = {
			isa = PBXNativeTarget;
			buildConfigurationList = 75F48C65289B9169005AFE9F /* Build configuration list for PBXNativeTarget "InstagramUITests" */;
			buildPhases = (
				75F48C52289B9169005AFE9F /* Sources */,
				75F48C53289B9169005AFE9F /* Frameworks */,
				75F48C54289B9169005AFE9F /* Resources */,
			);
			buildRules = (
			);
			dependencies = (
				75F48C58289B9169005AFE9F /* PBXTargetDependency */,
			);
			name = InstagramUITests;
			productName = InstagramUITests;
			productReference = 75F48C56289B9169005AFE9F /* InstagramUITests.xctest */;
			productType = "com.apple.product-type.bundle.ui-testing";
		};
/* End PBXNativeTarget section */

/* Begin PBXProject section */
		75F48C2D289B9167005AFE9F /* Project object */ = {
			isa = PBXProject;
			attributes = {
				LastSwiftUpdateCheck = 1240;
				LastUpgradeCheck = 1240;
				TargetAttributes = {
					75F48C34289B9167005AFE9F = {
						CreatedOnToolsVersion = 12.4;
					};
					75F48C4A289B9169005AFE9F = {
						CreatedOnToolsVersion = 12.4;
						TestTargetID = 75F48C34289B9167005AFE9F;
					};
					75F48C55289B9169005AFE9F = {
						CreatedOnToolsVersion = 12.4;
						TestTargetID = 75F48C34289B9167005AFE9F;
					};
				};
			};
			buildConfigurationList = 75F48C30289B9167005AFE9F /* Build configuration list for PBXProject "Instagram" */;
			compatibilityVersion = "Xcode 9.3";
			developmentRegion = en;
			hasScannedForEncodings = 0;
			knownRegions = (
				en,
				Base,
			);
			mainGroup = 75F48C2C289B9167005AFE9F;
			productRefGroup = 75F48C36289B9167005AFE9F /* Products */;
			projectDirPath = "";
			projectRoot = "";
			targets = (
				75F48C34289B9167005AFE9F /* Instagram */,
				75F48C4A289B9169005AFE9F /* InstagramTests */,
				75F48C55289B9169005AFE9F /* InstagramUITests */,
			);
		};
/* End PBXProject section */

/* Begin PBXResourcesBuildPhase section */
		75F48C33289B9167005AFE9F /* Resources */ = {
			isa = PBXResourcesBuildPhase;
			buildActionMask = 2147483647;
			files = (
				75F48CA6289BCAF7005AFE9F /* StoryCollectionViewCell.xib in Resources */,
				75801273289E3F29003BF69B /* FeedTableViewCell.xib in Resources */,
				75F48C45289B9169005AFE9F /* LaunchScreen.storyboard in Resources */,
				75F48C42289B9169005AFE9F /* Assets.xcassets in Resources */,
				751BB78B28A1558D002D24AF /* CommentTableViewCell.xib in Resources */,
				75F48C40289B9167005AFE9F /* Main.storyboard in Resources */,
				75801289289E858C003BF69B /* splachScreen.gif in Resources */,
			);
			runOnlyForDeploymentPostprocessing = 0;
		};
		75F48C49289B9169005AFE9F /* Resources */ = {
			isa = PBXResourcesBuildPhase;
			buildActionMask = 2147483647;
			files = (
			);
			runOnlyForDeploymentPostprocessing = 0;
		};
		75F48C54289B9169005AFE9F /* Resources */ = {
			isa = PBXResourcesBuildPhase;
			buildActionMask = 2147483647;
			files = (
			);
			runOnlyForDeploymentPostprocessing = 0;
		};
/* End PBXResourcesBuildPhase section */

/* Begin PBXSourcesBuildPhase section */
		75F48C31289B9167005AFE9F /* Sources */ = {
			isa = PBXSourcesBuildPhase;
			buildActionMask = 2147483647;
			files = (
				759E45BB28A2CF4900671B46 /* FeedAPI.swift in Sources */,
				751BB77128A136C2002D24AF /* StoryViewController.swift in Sources */,
				75F48C3D289B9167005AFE9F /* ViewController.swift in Sources */,
				759E45B128A2626000671B46 /* SignUpAPI.swift in Sources */,
				75F48C84289BA9D6005AFE9F /* SearchViewController.swift in Sources */,
				75F48CA5289BCAF7005AFE9F /* StoryCollectionViewCell.swift in Sources */,
				751BB78428A154FE002D24AF /* CommentModel.swift in Sources */,
				759E45C028A2D29D00671B46 /* AddStoryViewController.swift in Sources */,
				75801281289E4171003BF69B /* PostModel.swift in Sources */,
				756C8867289E862000DCFB15 /* GifExtension.swift in Sources */,
				759E45B628A287E600671B46 /* UserModel.swift in Sources */,
				75F48C93289BAA05005AFE9F /* ProfileViewController.swift in Sources */,
				75F48C39289B9167005AFE9F /* AppDelegate.swift in Sources */,
				75801272289E3F29003BF69B /* FeedTableViewCell.swift in Sources */,
				751BB76C28A136B7002D24AF /* CommentViewController.swift in Sources */,
				751BB78A28A1558D002D24AF /* CommentTableViewCell.swift in Sources */,
				75801266289E3D2E003BF69B /* MainTabViewController.swift in Sources */,
				75F48C3B289B9167005AFE9F /* SceneDelegate.swift in Sources */,
				751BB76728A11660002D24AF /* EditProfileViewController.swift in Sources */,
				756C886C289E867500DCFB15 /* SplashScreenViewController.swift in Sources */,
				75F48C6D289B93AC005AFE9F /* ImageExtension.swift in Sources */,
				751BB77F28A14B01002D24AF /* Protocols.swift in Sources */,
				75F48C89289BA9EA005AFE9F /* CameraViewController.swift in Sources */,
				751BB77628A136D0002D24AF /* PostDetailViewController.swift in Sources */,
				75F48C73289B9CF8005AFE9F /* RegistrationViewController.swift in Sources */,
				759E45AC28A2624F00671B46 /* LoginAPI.swift in Sources */,
				75F48C7C289BA94B005AFE9F /* HomeViewController.swift in Sources */,
			);
			runOnlyForDeploymentPostprocessing = 0;
		};
		75F48C47289B9169005AFE9F /* Sources */ = {
			isa = PBXSourcesBuildPhase;
			buildActionMask = 2147483647;
			files = (
				75F48C50289B9169005AFE9F /* InstagramTests.swift in Sources */,
			);
			runOnlyForDeploymentPostprocessing = 0;
		};
		75F48C52289B9169005AFE9F /* Sources */ = {
			isa = PBXSourcesBuildPhase;
			buildActionMask = 2147483647;
			files = (
				75F48C5B289B9169005AFE9F /* InstagramUITests.swift in Sources */,
			);
			runOnlyForDeploymentPostprocessing = 0;
		};
/* End PBXSourcesBuildPhase section */

/* Begin PBXTargetDependency section */
		75F48C4D289B9169005AFE9F /* PBXTargetDependency */ = {
			isa = PBXTargetDependency;
			target = 75F48C34289B9167005AFE9F /* Instagram */;
			targetProxy = 75F48C4C289B9169005AFE9F /* PBXContainerItemProxy */;
		};
		75F48C58289B9169005AFE9F /* PBXTargetDependency */ = {
			isa = PBXTargetDependency;
			target = 75F48C34289B9167005AFE9F /* Instagram */;
			targetProxy = 75F48C57289B9169005AFE9F /* PBXContainerItemProxy */;
		};
/* End PBXTargetDependency section */

/* Begin PBXVariantGroup section */
		75F48C3E289B9167005AFE9F /* Main.storyboard */ = {
			isa = PBXVariantGroup;
			children = (
				75F48C3F289B9167005AFE9F /* Base */,
			);
			name = Main.storyboard;
			sourceTree = "<group>";
		};
		75F48C43289B9169005AFE9F /* LaunchScreen.storyboard */ = {
			isa = PBXVariantGroup;
			children = (
				75F48C44289B9169005AFE9F /* Base */,
			);
			name = LaunchScreen.storyboard;
			sourceTree = "<group>";
		};
/* End PBXVariantGroup section */

/* Begin XCBuildConfiguration section */
		75F48C5D289B9169005AFE9F /* Debug */ = {
			isa = XCBuildConfiguration;
			buildSettings = {
				ALWAYS_SEARCH_USER_PATHS = NO;
				CLANG_ANALYZER_NONNULL = YES;
				CLANG_ANALYZER_NUMBER_OBJECT_CONVERSION = YES_AGGRESSIVE;
				CLANG_CXX_LANGUAGE_STANDARD = "gnu++14";
				CLANG_CXX_LIBRARY = "libc++";
				CLANG_ENABLE_MODULES = YES;
				CLANG_ENABLE_OBJC_ARC = YES;
				CLANG_ENABLE_OBJC_WEAK = YES;
				CLANG_WARN_BLOCK_CAPTURE_AUTORELEASING = YES;
				CLANG_WARN_BOOL_CONVERSION = YES;
				CLANG_WARN_COMMA = YES;
				CLANG_WARN_CONSTANT_CONVERSION = YES;
				CLANG_WARN_DEPRECATED_OBJC_IMPLEMENTATIONS = YES;
				CLANG_WARN_DIRECT_OBJC_ISA_USAGE = YES_ERROR;
				CLANG_WARN_DOCUMENTATION_COMMENTS = YES;
				CLANG_WARN_EMPTY_BODY = YES;
				CLANG_WARN_ENUM_CONVERSION = YES;
				CLANG_WARN_INFINITE_RECURSION = YES;
				CLANG_WARN_INT_CONVERSION = YES;
				CLANG_WARN_NON_LITERAL_NULL_CONVERSION = YES;
				CLANG_WARN_OBJC_IMPLICIT_RETAIN_SELF = YES;
				CLANG_WARN_OBJC_LITERAL_CONVERSION = YES;
				CLANG_WARN_OBJC_ROOT_CLASS = YES_ERROR;
				CLANG_WARN_QUOTED_INCLUDE_IN_FRAMEWORK_HEADER = YES;
				CLANG_WARN_RANGE_LOOP_ANALYSIS = YES;
				CLANG_WARN_STRICT_PROTOTYPES = YES;
				CLANG_WARN_SUSPICIOUS_MOVE = YES;
				CLANG_WARN_UNGUARDED_AVAILABILITY = YES_AGGRESSIVE;
				CLANG_WARN_UNREACHABLE_CODE = YES;
				CLANG_WARN__DUPLICATE_METHOD_MATCH = YES;
				COPY_PHASE_STRIP = NO;
				DEBUG_INFORMATION_FORMAT = dwarf;
				ENABLE_STRICT_OBJC_MSGSEND = YES;
				ENABLE_TESTABILITY = YES;
				GCC_C_LANGUAGE_STANDARD = gnu11;
				GCC_DYNAMIC_NO_PIC = NO;
				GCC_NO_COMMON_BLOCKS = YES;
				GCC_OPTIMIZATION_LEVEL = 0;
				GCC_PREPROCESSOR_DEFINITIONS = (
					"DEBUG=1",
					"$(inherited)",
				);
				GCC_WARN_64_TO_32_BIT_CONVERSION = YES;
				GCC_WARN_ABOUT_RETURN_TYPE = YES_ERROR;
				GCC_WARN_UNDECLARED_SELECTOR = YES;
				GCC_WARN_UNINITIALIZED_AUTOS = YES_AGGRESSIVE;
				GCC_WARN_UNUSED_FUNCTION = YES;
				GCC_WARN_UNUSED_VARIABLE = YES;
				IPHONEOS_DEPLOYMENT_TARGET = 14.4;
				MTL_ENABLE_DEBUG_INFO = INCLUDE_SOURCE;
				MTL_FAST_MATH = YES;
				ONLY_ACTIVE_ARCH = YES;
				SDKROOT = iphoneos;
				SWIFT_ACTIVE_COMPILATION_CONDITIONS = DEBUG;
				SWIFT_OPTIMIZATION_LEVEL = "-Onone";
			};
			name = Debug;
		};
		75F48C5E289B9169005AFE9F /* Release */ = {
			isa = XCBuildConfiguration;
			buildSettings = {
				ALWAYS_SEARCH_USER_PATHS = NO;
				CLANG_ANALYZER_NONNULL = YES;
				CLANG_ANALYZER_NUMBER_OBJECT_CONVERSION = YES_AGGRESSIVE;
				CLANG_CXX_LANGUAGE_STANDARD = "gnu++14";
				CLANG_CXX_LIBRARY = "libc++";
				CLANG_ENABLE_MODULES = YES;
				CLANG_ENABLE_OBJC_ARC = YES;
				CLANG_ENABLE_OBJC_WEAK = YES;
				CLANG_WARN_BLOCK_CAPTURE_AUTORELEASING = YES;
				CLANG_WARN_BOOL_CONVERSION = YES;
				CLANG_WARN_COMMA = YES;
				CLANG_WARN_CONSTANT_CONVERSION = YES;
				CLANG_WARN_DEPRECATED_OBJC_IMPLEMENTATIONS = YES;
				CLANG_WARN_DIRECT_OBJC_ISA_USAGE = YES_ERROR;
				CLANG_WARN_DOCUMENTATION_COMMENTS = YES;
				CLANG_WARN_EMPTY_BODY = YES;
				CLANG_WARN_ENUM_CONVERSION = YES;
				CLANG_WARN_INFINITE_RECURSION = YES;
				CLANG_WARN_INT_CONVERSION = YES;
				CLANG_WARN_NON_LITERAL_NULL_CONVERSION = YES;
				CLANG_WARN_OBJC_IMPLICIT_RETAIN_SELF = YES;
				CLANG_WARN_OBJC_LITERAL_CONVERSION = YES;
				CLANG_WARN_OBJC_ROOT_CLASS = YES_ERROR;
				CLANG_WARN_QUOTED_INCLUDE_IN_FRAMEWORK_HEADER = YES;
				CLANG_WARN_RANGE_LOOP_ANALYSIS = YES;
				CLANG_WARN_STRICT_PROTOTYPES = YES;
				CLANG_WARN_SUSPICIOUS_MOVE = YES;
				CLANG_WARN_UNGUARDED_AVAILABILITY = YES_AGGRESSIVE;
				CLANG_WARN_UNREACHABLE_CODE = YES;
				CLANG_WARN__DUPLICATE_METHOD_MATCH = YES;
				COPY_PHASE_STRIP = NO;
				DEBUG_INFORMATION_FORMAT = "dwarf-with-dsym";
				ENABLE_NS_ASSERTIONS = NO;
				ENABLE_STRICT_OBJC_MSGSEND = YES;
				GCC_C_LANGUAGE_STANDARD = gnu11;
				GCC_NO_COMMON_BLOCKS = YES;
				GCC_WARN_64_TO_32_BIT_CONVERSION = YES;
				GCC_WARN_ABOUT_RETURN_TYPE = YES_ERROR;
				GCC_WARN_UNDECLARED_SELECTOR = YES;
				GCC_WARN_UNINITIALIZED_AUTOS = YES_AGGRESSIVE;
				GCC_WARN_UNUSED_FUNCTION = YES;
				GCC_WARN_UNUSED_VARIABLE = YES;
				IPHONEOS_DEPLOYMENT_TARGET = 14.4;
				MTL_ENABLE_DEBUG_INFO = NO;
				MTL_FAST_MATH = YES;
				SDKROOT = iphoneos;
				SWIFT_COMPILATION_MODE = wholemodule;
				SWIFT_OPTIMIZATION_LEVEL = "-O";
				VALIDATE_PRODUCT = YES;
			};
			name = Release;
		};
		75F48C60289B9169005AFE9F /* Debug */ = {
			isa = XCBuildConfiguration;
			buildSettings = {
				ASSETCATALOG_COMPILER_APPICON_NAME = AppIcon;
				ASSETCATALOG_COMPILER_GLOBAL_ACCENT_COLOR_NAME = AccentColor;
				CODE_SIGN_STYLE = Automatic;
				INFOPLIST_FILE = Instagram/Info.plist;
				LD_RUNPATH_SEARCH_PATHS = (
					"$(inherited)",
					"@executable_path/Frameworks",
				);
				PRODUCT_BUNDLE_IDENTIFIER = com.practice.Instagram;
				PRODUCT_NAME = "$(TARGET_NAME)";
				SWIFT_VERSION = 5.0;
				TARGETED_DEVICE_FAMILY = "1,2";
			};
			name = Debug;
		};
		75F48C61289B9169005AFE9F /* Release */ = {
			isa = XCBuildConfiguration;
			buildSettings = {
				ASSETCATALOG_COMPILER_APPICON_NAME = AppIcon;
				ASSETCATALOG_COMPILER_GLOBAL_ACCENT_COLOR_NAME = AccentColor;
				CODE_SIGN_STYLE = Automatic;
				INFOPLIST_FILE = Instagram/Info.plist;
				LD_RUNPATH_SEARCH_PATHS = (
					"$(inherited)",
					"@executable_path/Frameworks",
				);
				PRODUCT_BUNDLE_IDENTIFIER = com.practice.Instagram;
				PRODUCT_NAME = "$(TARGET_NAME)";
				SWIFT_VERSION = 5.0;
				TARGETED_DEVICE_FAMILY = "1,2";
			};
			name = Release;
		};
		75F48C63289B9169005AFE9F /* Debug */ = {
			isa = XCBuildConfiguration;
			buildSettings = {
				ALWAYS_EMBED_SWIFT_STANDARD_LIBRARIES = YES;
				BUNDLE_LOADER = "$(TEST_HOST)";
				CODE_SIGN_STYLE = Automatic;
				INFOPLIST_FILE = InstagramTests/Info.plist;
				IPHONEOS_DEPLOYMENT_TARGET = 14.4;
				LD_RUNPATH_SEARCH_PATHS = (
					"$(inherited)",
					"@executable_path/Frameworks",
					"@loader_path/Frameworks",
				);
				PRODUCT_BUNDLE_IDENTIFIER = com.practice.InstagramTests;
				PRODUCT_NAME = "$(TARGET_NAME)";
				SWIFT_VERSION = 5.0;
				TARGETED_DEVICE_FAMILY = "1,2";
				TEST_HOST = "$(BUILT_PRODUCTS_DIR)/Instagram.app/Instagram";
			};
			name = Debug;
		};
		75F48C64289B9169005AFE9F /* Release */ = {
			isa = XCBuildConfiguration;
			buildSettings = {
				ALWAYS_EMBED_SWIFT_STANDARD_LIBRARIES = YES;
				BUNDLE_LOADER = "$(TEST_HOST)";
				CODE_SIGN_STYLE = Automatic;
				INFOPLIST_FILE = InstagramTests/Info.plist;
				IPHONEOS_DEPLOYMENT_TARGET = 14.4;
				LD_RUNPATH_SEARCH_PATHS = (
					"$(inherited)",
					"@executable_path/Frameworks",
					"@loader_path/Frameworks",
				);
				PRODUCT_BUNDLE_IDENTIFIER = com.practice.InstagramTests;
				PRODUCT_NAME = "$(TARGET_NAME)";
				SWIFT_VERSION = 5.0;
				TARGETED_DEVICE_FAMILY = "1,2";
				TEST_HOST = "$(BUILT_PRODUCTS_DIR)/Instagram.app/Instagram";
			};
			name = Release;
		};
		75F48C66289B9169005AFE9F /* Debug */ = {
			isa = XCBuildConfiguration;
			buildSettings = {
				ALWAYS_EMBED_SWIFT_STANDARD_LIBRARIES = YES;
				CODE_SIGN_STYLE = Automatic;
				INFOPLIST_FILE = InstagramUITests/Info.plist;
				LD_RUNPATH_SEARCH_PATHS = (
					"$(inherited)",
					"@executable_path/Frameworks",
					"@loader_path/Frameworks",
				);
				PRODUCT_BUNDLE_IDENTIFIER = com.practice.InstagramUITests;
				PRODUCT_NAME = "$(TARGET_NAME)";
				SWIFT_VERSION = 5.0;
				TARGETED_DEVICE_FAMILY = "1,2";
				TEST_TARGET_NAME = Instagram;
			};
			name = Debug;
		};
		75F48C67289B9169005AFE9F /* Release */ = {
			isa = XCBuildConfiguration;
			buildSettings = {
				ALWAYS_EMBED_SWIFT_STANDARD_LIBRARIES = YES;
				CODE_SIGN_STYLE = Automatic;
				INFOPLIST_FILE = InstagramUITests/Info.plist;
				LD_RUNPATH_SEARCH_PATHS = (
					"$(inherited)",
					"@executable_path/Frameworks",
					"@loader_path/Frameworks",
				);
				PRODUCT_BUNDLE_IDENTIFIER = com.practice.InstagramUITests;
				PRODUCT_NAME = "$(TARGET_NAME)";
				SWIFT_VERSION = 5.0;
				TARGETED_DEVICE_FAMILY = "1,2";
				TEST_TARGET_NAME = Instagram;
			};
			name = Release;
		};
/* End XCBuildConfiguration section */

/* Begin XCConfigurationList section */
		75F48C30289B9167005AFE9F /* Build configuration list for PBXProject "Instagram" */ = {
			isa = XCConfigurationList;
			buildConfigurations = (
				75F48C5D289B9169005AFE9F /* Debug */,
				75F48C5E289B9169005AFE9F /* Release */,
			);
			defaultConfigurationIsVisible = 0;
			defaultConfigurationName = Release;
		};
		75F48C5F289B9169005AFE9F /* Build configuration list for PBXNativeTarget "Instagram" */ = {
			isa = XCConfigurationList;
			buildConfigurations = (
				75F48C60289B9169005AFE9F /* Debug */,
				75F48C61289B9169005AFE9F /* Release */,
			);
			defaultConfigurationIsVisible = 0;
			defaultConfigurationName = Release;
		};
		75F48C62289B9169005AFE9F /* Build configuration list for PBXNativeTarget "InstagramTests" */ = {
			isa = XCConfigurationList;
			buildConfigurations = (
				75F48C63289B9169005AFE9F /* Debug */,
				75F48C64289B9169005AFE9F /* Release */,
			);
			defaultConfigurationIsVisible = 0;
			defaultConfigurationName = Release;
		};
		75F48C65289B9169005AFE9F /* Build configuration list for PBXNativeTarget "InstagramUITests" */ = {
			isa = XCConfigurationList;
			buildConfigurations = (
				75F48C66289B9169005AFE9F /* Debug */,
				75F48C67289B9169005AFE9F /* Release */,
			);
			defaultConfigurationIsVisible = 0;
			defaultConfigurationName = Release;
		};
/* End XCConfigurationList section */
	};
	rootObject = 75F48C2D289B9167005AFE9F /* Project object */;
}
